{
  "name": "gpt-x",
  "version": "1.0.0",
  "lockfileVersion": 3,
  "requires": true,
  "packages": {
    "": {
      "name": "gpt-x",
      "version": "1.0.0",
      "license": "MIT",
      "dependencies": {
        "@huggingface/inference": "^4.13.5",
        "node-fetch": "^2.6.1"
      }
    },
    "node_modules/@huggingface/inference": {
      "version": "4.13.5",
      "resolved": "https://registry.npmjs.org/@huggingface/inference/-/inference-4.13.5.tgz",
      "integrity": "sha512-jeRQVwoV2Xx5stHR4wyZPPvhOOm6Hi9B2hsHWWuFJBEoxlFJMbRAsQbTvQrusw2vNBfNHIqb2i9EpelNLOqhvg==",
      "license": "MIT",
      "dependencies": {
        "@huggingface/jinja": "^0.5.3",
        "@huggingface/tasks": "^0.19.67"
      },
      "engines": {
        "node": ">=18"
      }
    },
    "node_modules/@huggingface/jinja": {
      "version": "0.5.3",
      "resolved": "https://registry.npmjs.org/@huggingface/jinja/-/jinja-0.5.3.tgz",
      "integrity": "sha512-asqfZ4GQS0hD876Uw4qiUb7Tr/V5Q+JZuo2L+BtdrD4U40QU58nIRq3ZSgAzJgT874VLjhGVacaYfrdpXtEvtA==",
      "license": "MIT",
      "engines": {
        "node": ">=18"
      }
    },
    "node_modules/@huggingface/tasks": {
      "version": "0.19.74",
      "resolved": "https://registry.npmjs.org/@huggingface/tasks/-/tasks-0.19.74.tgz",
      "integrity": "sha512-2H3v2kkMmvx6reRo18hXWg50NH+0151O8kCkvCiuDobC5RYCIoiLz9Z1PFYXIQAvQpUfZDeeZd87figo/q5gIQ==",
      "license": "MIT"
    },
    "node_modules/node-fetch": {
      "version": "2.7.0",
      "resolved": "https://registry.npmjs.org/node-fetch/-/node-fetch-2.7.0.tgz",
      "integrity": "sha512-c4FRfUm/dbcWZ7U+1Wq0AwCyFL+3nt2bEw05wfxSz+DWpWsitgmSgYmy2dQdWyKC1694ELPqMs/YzUSNozLt8A==",
      "license": "MIT",
      "dependencies": {
        "whatwg-url": "^5.0.0"
      },
      "engines": {
        "node": "4.x || >=6.0.0"
      },
      "peerDependencies": {
        "encoding": "^0.1.0"
      },
      "peerDependenciesMeta": {
        "encoding": {
          "optional": true
        }
      }
    },
    "node_modules/whatwg-url": {
      "version": "5.0.0",
      "resolved": "https://registry.npmjs.org/whatwg-url/-/whatwg-url-5.0.0.tgz",
      "integrity": "sha512-saE57nupxk6v3HY35+jzBwYa0rKSy0XR8JSxZPwgLr7ys0IBzhGviA1/TUGJLmSVqs8pb9AnvICXEuOHLprYTw==",
      "license": "MIT",
      "dependencies": {
        "tr46": "~0.0.3",
        "webidl-conversions": "^3.0.0"
      }
    },
    "node_modules/whatwg-url/node_modules/tr46": {
      "version": "0.0.3",
      "resolved": "https://registry.npmjs.org/tr46/-/tr46-0.0.3.tgz",
      "integrity": "sha512-N3WMsuqV66lT30CrXNbEjx4GEwlow3v6rr4mCcv6prnfwhS01rkgyFdjPNBYd9br7LpXV1+Emh01fHnq2Gdgrw==",
      "license": "MIT"
    },
    "node_modules/whatwg-url/node_modules/webidl-conversions": {
      "version": "3.0.1",
      "resolved": "https://registry.npmjs.org/webidl-conversions/-/webidl-conversions-3.0.1.tgz",
      "integrity": "sha512-2JAn3z8AR6rjK8Sm8orRC0h/bcl/DqL7tRPdGZ4I1CjdF+EaMLmYxBHyXuKL849eucPFhvBoxMsflfOb8kxaeQ==",
      "license": "BSD-2-Clause"
    }
  }
}
